
Microsoft Visual Studio Solution File, Format Version 12.00
# Visual Studio Version 16
VisualStudioVersion = 16.0.29613.14
MinimumVisualStudioVersion = 10.0.40219.1
Project("{FAE04EC0-301F-11D3-BF4B-00C04F79EFBC}") = "MIDI", "MIDI\MIDI.csproj", "{BF1BE7CD-E067-4CF3-BE27-8092E1FD6B25}"
EndProject
Global
	GlobalSection(SolutionConfigurationPlatforms) = preSolution
		Debug|Any CPU = Debug|Any CPU
		Release|Any CPU = Release|Any CPU
	EndGlobalSection
	GlobalSection(ProjectConfigurationPlatforms) = postSolution
		{BF1BE7CD-E067-4CF3-BE27-8092E1FD6B25}.Debug|Any CPU.ActiveCfg = Debug|Any CPU
		{BF1BE7CD-E067-4CF3-BE27-8092E1FD6B25}.Debug|Any CPU.Build.0 = Debug|Any CPU
		{BF1BE7CD-E067-4CF3-BE27-8092E1FD6B25}.Release|Any CPU.ActiveCfg = Release|Any CPU
		{BF1BE7CD-E067-4CF3-BE27-8092E1FD6B25}.Release|Any CPU.Build.0 = Release|Any CPU
	EndGlobalSection
	GlobalSection(SolutionProperties) = preSolution
		HideSolutionNode = FALSE
	EndGlobalSection
	GlobalSection(ExtensibilityGlobals) = postSolution
		SolutionGuid = {FE523F05-24A5-44C5-BA83-F501407DC728}
	EndGlobalSection
EndGlobal
